# This file is autogenerated, do not edit; changes may be undone by the next 'dep ensure'.


[[projects]]
  digest = "1:8855efc2aff3afd6319da41b22a8ca1cfd1698af05a24852c01636ba65b133f0"
  name = "github.com/SermoDigital/jose"
  packages = [
    ".",
    "crypto",
    "jws",
    "jwt",
  ]
  pruneopts = ""
  revision = "f6df55f235c24f236d11dbcf665249a59ac2021f"
  version = "1.1"

[[projects]]
  branch = "publish_nil_values"
  digest = "1:d02c8323070a3d8d8ca039d0d180198ead0a75eac4fb1003af812435a2b391e8"
  name = "github.com/asaskevich/EventBus"
  packages = ["."]
  pruneopts = ""
  revision = "33b3bc6a7ddca2f99683c5c3ee86b24f80a7a075"
  source = "https://github.com/erickskrauch/EventBus.git"

[[projects]]
  digest = "1:c7b11da9bf0707e6920e1b361fbbbbe9b277ef3a198377baa4527f6e31049be0"
  name = "github.com/certifi/gocertifi"
  packages = ["."]
  pruneopts = ""
  revision = "3fd9e1adb12b72d2f3f82191d49be9b93c69f67c"
  version = "2017.07.27"

[[projects]]
  digest = "1:56c130d885a4aacae1dd9c7b71cfe39912c7ebc1ff7d2b46083c8812996dc43b"
  name = "github.com/davecgh/go-spew"
  packages = ["spew"]
  pruneopts = ""
  revision = "346938d642f2ec3594ed81d874461961cd0faa76"
  version = "v1.1.0"

[[projects]]
  digest = "1:2e7c296138d042515eb2995fe58026eaef2c08f660a5f36584faecf34eea3cf0"
  name = "github.com/etherlabsio/healthcheck"
  packages = ["."]
  pruneopts = ""
  revision = "dd3d2fd8c3f620a32b7f3cd9b4f0d2f7d0875ab1"
  version = "2.0.3"

[[projects]]
  digest = "1:9f1e571696860f2b4f8a241b43ce91c6085e7aaed849ccca53f590a4dc7b95bd"
  name = "github.com/fsnotify/fsnotify"
  packages = ["."]
  pruneopts = ""
  revision = "629574ca2a5df945712d3079857300b5e4da0236"
  version = "v1.4.2"

[[projects]]
  branch = "master"
  digest = "1:904b0b847f705de43c15e6c8f3dd639044db5601dedfb2f3fdb3021a28491d15"
  name = "github.com/getsentry/raven-go"
  packages = ["."]
  pruneopts = ""
  revision = "919484f041ea21e7e27be291cee1d6af7bc98864"

[[projects]]
  branch = "master"
  digest = "1:8c9f13aac9e92f3754ea591b39ada87b9f89f1e75c4b90ccbd0b1084069c436f"
  name = "github.com/goava/di"
  packages = [
    ".",
    "internal/reflection",
    "internal/stacktrace",
  ]
  pruneopts = ""
  revision = "1eb6eb721bf050edff0efbf15c31636def701b4b"

[[projects]]
  digest = "1:65c7ed49d9f36dd4752e43013323fa9229db60b29aa4f5a75aaecda3130c74e2"
  name = "github.com/gorilla/mux"
  packages = ["."]
  pruneopts = ""
  revision = "c5c6c98bc25355028a63748a498942a6398ccd22"
  version = "v1.7.1"

[[projects]]
  digest = "1:5eeb4bfc6db411dbb34a6d9e5d49a9956b160d59fd004ee8f03fe53c9605c082"
  name = "github.com/h2non/gock"
  packages = ["."]
  pruneopts = ""
  revision = "ba88c4862a27596539531ce469478a91bc5a0511"
  version = "v1.0.14"

[[projects]]
  digest = "1:0f31ddb2589297fc1d716f45b34e34bff34e968de1aa239543274c87522e86f4"
  name = "github.com/h2non/parth"
  packages = ["."]
  pruneopts = ""
  revision = "b4df798d65426f8c8ab5ca5f9987aec5575d26c9"
  version = "v2.0.1"

[[projects]]
  branch = "master"
  digest = "1:8017a99c7fa4dac90c7a34e08d5f890043fc27e91e561f3267a09f65595b158c"
  name = "github.com/hashicorp/hcl"
  packages = [
    ".",
    "hcl/ast",
    "hcl/parser",
    "hcl/printer",
    "hcl/scanner",
    "hcl/strconv",
    "hcl/token",
    "json/parser",
    "json/scanner",
    "json/token",
  ]
  pruneopts = ""
  revision = "8f6b1344a92ff8877cf24a5de9177bf7d0a2a187"

[[projects]]
  digest = "1:870d441fe217b8e689d7949fef6e43efbc787e50f200cb1e70dbca9204a1d6be"
  name = "github.com/inconshreveable/mousetrap"
  packages = ["."]
  pruneopts = ""
  revision = "76626ae9c91c4f2a10f34cad8ce83ea42c93bb75"
  version = "v1.0"

[[projects]]
  digest = "1:1ce378ab2352c756c6d7a0172c22ecbd387659d32712a4ce3bc474273309a5dc"
  name = "github.com/magiconair/properties"
  packages = ["."]
  pruneopts = ""
  revision = "be5ece7dd465ab0765a9682137865547526d1dfb"
  version = "v1.7.3"

[[projects]]
  branch = "master"
  digest = "1:19a9f4143462f07553e9bf6ae0f1b8633a2c44763b1df90d4e9e49f51cd8423a"
  name = "github.com/mediocregopher/radix.v2"
  packages = [
    "cluster",
    "pool",
    "redis",
    "util",
  ]
  pruneopts = ""
  revision = "b67df6e626f993b64b3ca9f4b8630900e61002e3"

[[projects]]
  branch = "master"
  digest = "1:c9ede10a9ded782d25d1f0be87c680e11409c23554828f19a19d691a95e76130"
  name = "github.com/mitchellh/mapstructure"
  packages = ["."]
  pruneopts = ""
  revision = "d0303fe809921458f417bcf828397a65db30a7e4"

[[projects]]
  branch = "master"
  digest = "1:c62e653e0a78bcf08fd56c764e5725e604693ffbd35b2b283b360f174d073a75"
  name = "github.com/mono83/slf"
  packages = [
    ".",
    "filters",
    "params",
    "rays",
    "recievers",
    "recievers/sentry",
    "recievers/statsd",
    "recievers/writer",
    "wd",
  ]
  pruneopts = ""
  revision = "79153e9636db86e1c6b74d74dd04176f257a4f2d"

[[projects]]
  branch = "master"
  digest = "1:270261c28f6e71a8a31b9d308ec9145147040fd80d21563307767a8e844bfabc"
  name = "github.com/mono83/udpwriter"
  packages = ["."]
  pruneopts = ""
  revision = "a064bd7e3acfda563ea680b913b9ef24b7a73e15"

[[projects]]
  digest = "1:049b5bee78dfdc9628ee0e557219c41f683e5b06c5a5f20eaba0105ccc586689"
  name = "github.com/pelletier/go-buffruneio"
  packages = ["."]
  pruneopts = ""
  revision = "c37440a7cf42ac63b919c752ca73a85067e05992"
  version = "v0.2.0"

[[projects]]
  digest = "1:6d5a9728ae27e477a07bb69f02ea0bade74eb8b0c7346d046337904bbf7af065"
  name = "github.com/pelletier/go-toml"
  packages = ["."]
  pruneopts = ""
  revision = "5ccdfb18c776b740aecaf085c4d9a2779199c279"
  version = "v1.0.0"

[[projects]]
  digest = "1:256484dbbcd271f9ecebc6795b2df8cad4c458dd0f5fd82a8c2fa0c29f233411"
  name = "github.com/pmezard/go-difflib"
  packages = ["difflib"]
  pruneopts = ""
  revision = "792786c7400a136282c1664665ae0a8db921c6c2"
  version = "v1.0.0"

[[projects]]
  branch = "master"
  digest = "1:c189f11a84aa8b868a4b7cd4605653160424ab299cf7cfb1c5bd2740b949928f"
  name = "github.com/spf13/afero"
  packages = [
    ".",
    "mem",
  ]
  pruneopts = ""
  revision = "ee1bd8ee15a1306d1f9201acc41ef39cd9f99a1b"

[[projects]]
  digest = "1:6ff9b74bfea2625f805edec59395dc37e4a06458dd3c14e3372337e3d35a2ed6"
  name = "github.com/spf13/cast"
  packages = ["."]
  pruneopts = ""
  revision = "acbeb36b902d72a7a4c18e8f3241075e7ab763e4"
  version = "v1.1.0"

[[projects]]
  digest = "1:a1403cc8a94b8d7956ee5e9694badef0e7b051af289caad1cf668331e3ffa4f6"
  name = "github.com/spf13/cobra"
  packages = ["."]
  pruneopts = ""
  revision = "ef82de70bb3f60c65fb8eebacbb2d122ef517385"
  version = "v0.0.3"

[[projects]]
  branch = "master"
  digest = "1:5cb42b990db5dc48b8bc23b6ee77b260713ba3244ca495cd1ed89533dc482a49"
  name = "github.com/spf13/jwalterweatherman"
  packages = ["."]
  pruneopts = ""
  revision = "12bd96e66386c1960ab0f74ced1362f66f552f7b"

[[projects]]
  digest = "1:cbaf13cdbfef0e4734ed8a7504f57fe893d471d62a35b982bf6fb3f036449a66"
  name = "github.com/spf13/pflag"
  packages = ["."]
  pruneopts = ""
  revision = "298182f68c66c05229eb03ac171abe6e309ee79a"
  version = "v1.0.3"

[[projects]]
  digest = "1:90fe60ab6f827e308b0c8cc1e11dce8ff1e96a927c8b171271a3cb04dd517606"
  name = "github.com/spf13/viper"
  packages = ["."]
  pruneopts = ""
  revision = "9e56dacc08fbbf8c9ee2dbc717553c758ce42bc9"
  version = "v1.3.2"

[[projects]]
  digest = "1:711eebe744c0151a9d09af2315f0bb729b2ec7637ef4c410fa90a18ef74b65b6"
  name = "github.com/stretchr/objx"
  packages = ["."]
  pruneopts = ""
  revision = "477a77ecc69700c7cdeb1fa9e129548e1c1c393c"
  version = "v0.1.1"

[[projects]]
  digest = "1:381bcbeb112a51493d9d998bbba207a529c73dbb49b3fd789e48c63fac1f192c"
  name = "github.com/stretchr/testify"
  packages = [
    "assert",
    "mock",
    "require",
    "suite",
  ]
  pruneopts = ""
  revision = "ffdc059bfe9ce6a4e144ba849dbedead332c6053"
  version = "v1.3.0"

[[projects]]
  branch = "master"
  digest = "1:86e6712cfd4070a2120c03fcec41cfcbbc51813504a74e28d74479edfaf669ee"
  name = "github.com/tevino/abool"
  packages = ["."]
  pruneopts = ""
  revision = "9b9efcf221b50905aab9bbabd3daed56dc10f339"

[[projects]]
  digest = "1:061754b9de261d8e1cf804970dff7b3e105d1cb4883ef446dbe911489ba8e9eb"
  name = "github.com/thedevsaddam/govalidator"
  packages = ["."]
  pruneopts = ""
  revision = "0413a0eb80cac8ab2d666639130658ce49a0c967"
  version = "v1.9.6"

[[projects]]
  branch = "master"
  digest = "1:19adc71218d62052cd18b83ebaab77961378876094081f4b1581ca28ef80395d"
  name = "golang.org/x/sys"
  packages = ["unix"]
  pruneopts = ""
  revision = "7ddbeae9ae08c6a06a59597f0c9edbc5ff2444ce"

[[projects]]
  branch = "master"
  digest = "1:653926785eac385fd1d61dc16360a5194c68d4bf2541234363a9375d2e88a039"
  name = "golang.org/x/text"
  packages = [
    "internal/gen",
    "internal/triegen",
    "internal/ucd",
    "transform",
    "unicode/cldr",
    "unicode/norm",
  ]
  pruneopts = ""
  revision = "bd91bbf73e9a4a801adbfb97133c992678533126"

[[projects]]
  branch = "v2"
  digest = "1:81314a486195626940617e43740b4fa073f265b0715c9f54ce2027fee1cb5f61"
  name = "gopkg.in/yaml.v2"
  packages = ["."]
  pruneopts = ""
  revision = "eb3733d160e74a9c7e442f435eb3bea458e1d19f"

[solve-meta]
  analyzer-name = "dep"
  analyzer-version = 1
  input-imports = [
    "github.com/SermoDigital/jose/crypto",
    "github.com/SermoDigital/jose/jws",
    "github.com/asaskevich/EventBus",
    "github.com/etherlabsio/healthcheck",
    "github.com/getsentry/raven-go",
    "github.com/goava/di",
    "github.com/gorilla/mux",
    "github.com/h2non/gock",
    "github.com/mediocregopher/radix.v2/pool",
    "github.com/mediocregopher/radix.v2/redis",
    "github.com/mediocregopher/radix.v2/util",
    "github.com/mono83/slf",
    "github.com/mono83/slf/params",
    "github.com/mono83/slf/rays",
    "github.com/mono83/slf/recievers/sentry",
    "github.com/mono83/slf/recievers/statsd",
    "github.com/mono83/slf/recievers/writer",
    "github.com/mono83/slf/wd",
    "github.com/spf13/cobra",
    "github.com/spf13/viper",
    "github.com/stretchr/testify/assert",
    "github.com/stretchr/testify/mock",
    "github.com/stretchr/testify/require",
    "github.com/stretchr/testify/suite",
    "github.com/tevino/abool",
    "github.com/thedevsaddam/govalidator",
  ]
  solver-name = "gps-cdcl"
  solver-version = 1
